// !$*UTF8*$!
{
	archiveVersion = 1;
	classes = {
	};
	objectVersion = 50;
	objects = {

/* Begin PBXBuildFile section */
		E56FBD7624E5940800F2B844 /* AppDelegate.swift in Sources */ = {isa = PBXBuildFile; fileRef = E56FBD7524E5940800F2B844 /* AppDelegate.swift */; };
		E56FBD7824E5940800F2B844 /* SceneDelegate.swift in Sources */ = {isa = PBXBuildFile; fileRef = E56FBD7724E5940800F2B844 /* SceneDelegate.swift */; };
		E56FBD7A24E5940800F2B844 /* ViewController.swift in Sources */ = {isa = PBXBuildFile; fileRef = E56FBD7924E5940800F2B844 /* ViewController.swift */; };
		E56FBD7D24E5940800F2B844 /* Main.storyboard in Resources */ = {isa = PBXBuildFile; fileRef = E56FBD7B24E5940800F2B844 /* Main.storyboard */; };
		E56FBD7F24E5940A00F2B844 /* Assets.xcassets in Resources */ = {isa = PBXBuildFile; fileRef = E56FBD7E24E5940A00F2B844 /* Assets.xcassets */; };
		E56FBD8224E5940A00F2B844 /* LaunchScreen.storyboard in Resources */ = {isa = PBXBuildFile; fileRef = E56FBD8024E5940A00F2B844 /* LaunchScreen.storyboard */; };
/* End PBXBuildFile section */

/* Begin PBXFileReference section */
		E56FBD7224E5940800F2B844 /* DEBACK2.app */ = {isa = PBXFileReference; explicitFileType = wrapper.application; includeInIndex = 0; path = DEBACK2.app; sourceTree = BUILT_PRODUCTS_DIR; };
		E56FBD7524E5940800F2B844 /* AppDelegate.swift */ = {isa = PBXFileReference; lastKnownFileType = sourcecode.swift; path = AppDelegate.swift; sourceTree = "<group>"; };
		E56FBD7724E5940800F2B844 /* SceneDelegate.swift */ = {isa = PBXFileReference; lastKnownFileType = sourcecode.swift; path = SceneDelegate.swift; sourceTree = "<group>"; };
		E56FBD7924E5940800F2B844 /* ViewController.swift */ = {isa = PBXFileReference; lastKnownFileType = sourcecode.swift; path = ViewController.swift; sourceTree = "<group>"; };
		E56FBD7C24E5940800F2B844 /* Base */ = {isa = PBXFileReference; lastKnownFileType = file.storyboard; name = Base; path = Base.lproj/Main.storyboard; sourceTree = "<group>"; };
		E56FBD7E24E5940A00F2B844 /* Assets.xcassets */ = {isa = PBXFileReference; lastKnownFileType = folder.assetcatalog; path = Assets.xcassets; sourceTree = "<group>"; };
		E56FBD8124E5940A00F2B844 /* Base */ = {isa = PBXFileReference; lastKnownFileType = file.storyboard; name = Base; path = Base.lproj/LaunchScreen.storyboard; sourceTree = "<group>"; };
		E56FBD8324E5940A00F2B844 /* Info.plist */ = {isa = PBXFileReference; lastKnownFileType = text.plist.xml; path = Info.plist; sourceTree = "<group>"; };
/* End PBXFileReference section */

/* Begin PBXFrameworksBuildPhase section */
		E56FBD6F24E5940800F2B844 /* Frameworks */ = {
			isa = PBXFrameworksBuildPhase;
			buildActionMask = 2147483647;
			files = (
			);
			runOnlyForDeploymentPostprocessing = 0;
		};
/* End PBXFrameworksBuildPhase section */

/* Begin PBXGroup section */
		E56FBD6924E5940800F2B844 = {
			isa = PBXGroup;
			children = (
				E56FBD7424E5940800F2B844 /* DEBACK2 */,
				E56FBD7324E5940800F2B844 /* Products */,
			);
			sourceTree = "<group>";
		};
		E56FBD7324E5940800F2B844 /* Products */ = {
			isa = PBXGroup;
			children = (
				E56FBD7224E5940800F2B844 /* DEBACK2.app */,
			);
			name = Products;
			sourceTree = "<group>";
		};
		E56FBD7424E5940800F2B844 /* DEBACK2 */ = {
			isa = PBXGroup;
			children = (
				E56FBD7524E5940800F2B844 /* AppDelegate.swift */,
				E56FBD7724E5940800F2B844 /* SceneDelegate.swift */,
				E56FBD7924E5940800F2B844 /* ViewController.swift */,
				E56FBD7B24E5940800F2B844 /* Main.storyboard */,
				E56FBD7E24E5940A00F2B844 /* Assets.xcassets */,
				E56FBD8024E5940A00F2B844 /* LaunchScreen.storyboard */,
				E56FBD8324E5940A00F2B844 /* Info.plist */,
			);
			path = DEBACK2;
			sourceTree = "<group>";
		};
/* End PBXGroup section */

/* Begin PBXNativeTarget section */
		E56FBD7124E5940800F2B844 /* DEBACK2 */ = {
			isa = PBXNativeTarget;
			buildConfigurationList = E56FBD8624E5940A00F2B844 /* Build configuration list for PBXNativeTarget "DEBACK2" */;
			buildPhases = (
				E56FBD6E24E5940800F2B844 /* Sources */,
				E56FBD6F24E5940800F2B844 /* Frameworks */,
				E56FBD7024E5940800F2B844 /* Resources */,
			);
			buildRules = (
			);
			dependencies = (
			);
			name = DEBACK2;
			productName = DEBACK2;
			productReference = E56FBD7224E5940800F2B844 /* DEBACK2.app */;
			productType = "com.apple.product-type.application";
		};
/* End PBXNativeTarget section */

/* Begin PBXProject section */
		E56FBD6A24E5940800F2B844 /* Project object */ = {
			isa = PBXProject;
			attributes = {
				LastSwiftUpdateCheck = 1160;
				LastUpgradeCheck = 1160;
				ORGANIZATIONNAME = daichi.morishita;
				TargetAttributes = {
					E56FBD7124E5940800F2B844 = {
						CreatedOnToolsVersion = 11.6;
					};
				};
			};
			buildConfigurationList = E56FBD6D24E5940800F2B844 /* Build configuration list for PBXProject "DEBACK2" */;
			compatibilityVersion = "Xcode 9.3";
			developmentRegion = en;
			hasScannedForEncodings = 0;
			knownRegions = (
				en,
				Base,
			);
			mainGroup = E56FBD6924E5940800F2B844;
			productRefGroup = E56FBD7324E5940800F2B844 /* Products */;
			projectDirPath = "";
			projectRoot = "";
			targets = (
				E56FBD7124E5940800F2B844 /* DEBACK2 */,
			);
		};
/* End PBXProject section */

/* Begin PBXResourcesBuildPhase section */
		E56FBD7024E5940800F2B844 /* Resources */ = {
			isa = PBXResourcesBuildPhase;
			buildActionMask = 2147483647;
			files = (
				E56FBD8224E5940A00F2B844 /* LaunchScreen.storyboard in Resources */,
				E56FBD7F24E5940A00F2B844 /* Assets.xcassets in Resources */,
				E56FBD7D24E5940800F2B844 /* Main.storyboard in Resources */,
			);
			runOnlyForDeploymentPostprocessing = 0;
		};
/* End PBXResourcesBuildPhase section */

/* Begin PBXSourcesBuildPhase section */
		E56FBD6E24E5940800F2B844 /* Sources */ = {
			isa = PBXSourcesBuildPhase;
			buildActionMask = 2147483647;
			files = (
				E56FBD7A24E5940800F2B844 /* ViewController.swift in Sources */,
				E56FBD7624E5940800F2B844 /* AppDelegate.swift in Sources */,
				E56FBD7824E5940800F2B844 /* SceneDelegate.swift in Sources */,
			);
			runOnlyForDeploymentPostprocessing = 0;
		};
/* End PBXSourcesBuildPhase section */

/* Begin PBXVariantGroup section */
		E56FBD7B24E5940800F2B844 /* Main.storyboard */ = {
			isa = PBXVariantGroup;
			children = (
				E56FBD7C24E5940800F2B844 /* Base */,
			);
			name = Main.storyboard;
			sourceTree = "<group>";
		};
		E56FBD8024E5940A00F2B844 /* LaunchScreen.storyboard */ = {
			isa = PBXVariantGroup;
			children = (
				E56FBD8124E5940A00F2B844 /* Base */,
			);
			name = LaunchScreen.storyboard;
			sourceTree = "<group>";
		};
/* End PBXVariantGroup section */

/* Begin XCBuildConfiguration section */
		E56FBD8424E5940A00F2B844 /* Debug */ = {
			isa = XCBuildConfiguration;
			buildSettings = {
				ALWAYS_SEARCH_USER_PATHS = NO;
				CLANG_ANALYZER_NONNULL = YES;
				CLANG_ANALYZER_NUMBER_OBJECT_CONVERSION = YES_AGGRESSIVE;
				CLANG_CXX_LANGUAGE_STANDARD = "gnu++14";
				CLANG_CXX_LIBRARY = "libc++";
				CLANG_ENABLE_MODULES = YES;
				CLANG_ENABLE_OBJC_ARC = YES;
				CLANG_ENABLE_OBJC_WEAK = YES;
				CLANG_WARN_BLOCK_CAPTURE_AUTORELEASING = YES;
				CLANG_WARN_BOOL_CONVERSION = YES;
				CLANG_WARN_COMMA = YES;
				CLANG_WARN_CONSTANT_CONVERSION = YES;
				CLANG_WARN_DEPRECATED_OBJC_IMPLEMENTATIONS = YES;
				CLANG_WARN_DIRECT_OBJC_ISA_USAGE = YES_ERROR;
				CLANG_WARN_DOCUMENTATION_COMMENTS = YES;
				CLANG_WARN_EMPTY_BODY = YES;
				CLANG_WARN_ENUM_CONVERSION = YES;
				CLANG_WARN_INFINITE_RECURSION = YES;
				CLANG_WARN_INT_CONVERSION = YES;
				CLANG_WARN_NON_LITERAL_NULL_CONVERSION = YES;
				CLANG_WARN_OBJC_IMPLICIT_RETAIN_SELF = YES;
				CLANG_WARN_OBJC_LITERAL_CONVERSION = YES;
				CLANG_WARN_OBJC_ROOT_CLASS = YES_ERROR;
				CLANG_WARN_RANGE_LOOP_ANALYSIS = YES;
				CLANG_WARN_STRICT_PROTOTYPES = YES;
				CLANG_WARN_SUSPICIOUS_MOVE = YES;
				CLANG_WARN_UNGUARDED_AVAILABILITY = YES_AGGRESSIVE;
				CLANG_WARN_UNREACHABLE_CODE = YES;
				CLANG_WARN__DUPLICATE_METHOD_MATCH = YES;
				COPY_PHASE_STRIP = NO;
				DEBUG_INFORMATION_FORMAT = dwarf;
				ENABLE_STRICT_OBJC_MSGSEND = YES;
				ENABLE_TESTABILITY = YES;
				GCC_C_LANGUAGE_STANDARD = gnu11;
				GCC_DYNAMIC_NO_PIC = NO;
				GCC_NO_COMMON_BLOCKS = YES;
				GCC_OPTIMIZATION_LEVEL = 0;
				GCC_PREPROCESSOR_DEFINITIONS = (
					"DEBUG=1",
					"$(inherited)",
				);
				GCC_WARN_64_TO_32_BIT_CONVERSION = YES;
				GCC_WARN_ABOUT_RETURN_TYPE = YES_ERROR;
				GCC_WARN_UNDECLARED_SELECTOR = YES;
				GCC_WARN_UNINITIALIZED_AUTOS = YES_AGGRESSIVE;
				GCC_WARN_UNUSED_FUNCTION = YES;
				GCC_WARN_UNUSED_VARIABLE = YES;
				IPHONEOS_DEPLOYMENT_TARGET = 13.6;
				MTL_ENABLE_DEBUG_INFO = INCLUDE_SOURCE;
				MTL_FAST_MATH = YES;
				ONLY_ACTIVE_ARCH = YES;
				SDKROOT = iphoneos;
				SWIFT_ACTIVE_COMPILATION_CONDITIONS = DEBUG;
				SWIFT_OPTIMIZATION_LEVEL = "-Onone";
			};
			name = Debug;
		};
		E56FBD8524E5940A00F2B844 /* Release */ = {
			isa = XCBuildConfiguration;
			buildSettings = {
				ALWAYS_SEARCH_USER_PATHS = NO;
				CLANG_ANALYZER_NONNULL = YES;
				CLANG_ANALYZER_NUMBER_OBJECT_CONVERSION = YES_AGGRESSIVE;
				CLANG_CXX_LANGUAGE_STANDARD = "gnu++14";
				CLANG_CXX_LIBRARY = "libc++";
				CLANG_ENABLE_MODULES = YES;
				CLANG_ENABLE_OBJC_ARC = YES;
				CLANG_ENABLE_OBJC_WEAK = YES;
				CLANG_WARN_BLOCK_CAPTURE_AUTORELEASING = YES;
				CLANG_WARN_BOOL_CONVERSION = YES;
				CLANG_WARN_COMMA = YES;
				CLANG_WARN_CONSTANT_CONVERSION = YES;
				CLANG_WARN_DEPRECATED_OBJC_IMPLEMENTATIONS = YES;
				CLANG_WARN_DIRECT_OBJC_ISA_USAGE = YES_ERROR;
				CLANG_WARN_DOCUMENTATION_COMMENTS = YES;
				CLANG_WARN_EMPTY_BODY = YES;
				CLANG_WARN_ENUM_CONVERSION = YES;
				CLANG_WARN_INFINITE_RECURSION = YES;
				CLANG_WARN_INT_CONVERSION = YES;
				CLANG_WARN_NON_LITERAL_NULL_CONVERSION = YES;
				CLANG_WARN_OBJC_IMPLICIT_RETAIN_SELF = YES;
				CLANG_WARN_OBJC_LITERAL_CONVERSION = YES;
				CLANG_WARN_OBJC_ROOT_CLASS = YES_ERROR;
				CLANG_WARN_RANGE_LOOP_ANALYSIS = YES;
				CLANG_WARN_STRICT_PROTOTYPES = YES;
				CLANG_WARN_SUSPICIOUS_MOVE = YES;
				CLANG_WARN_UNGUARDED_AVAILABILITY = YES_AGGRESSIVE;
				CLANG_WARN_UNREACHABLE_CODE = YES;
				CLANG_WARN__DUPLICATE_METHOD_MATCH = YES;
				COPY_PHASE_STRIP = NO;
				DEBUG_INFORMATION_FORMAT = "dwarf-with-dsym";
				ENABLE_NS_ASSERTIONS = NO;
				ENABLE_STRICT_OBJC_MSGSEND = YES;
				GCC_C_LANGUAGE_STANDARD = gnu11;
				GCC_NO_COMMON_BLOCKS = YES;
				GCC_WARN_64_TO_32_BIT_CONVERSION = YES;
				GCC_WARN_ABOUT_RETURN_TYPE = YES_ERROR;
				GCC_WARN_UNDECLARED_SELECTOR = YES;
				GCC_WARN_UNINITIALIZED_AUTOS = YES_AGGRESSIVE;
				GCC_WARN_UNUSED_FUNCTION = YES;
				GCC_WARN_UNUSED_VARIABLE = YES;
				IPHONEOS_DEPLOYMENT_TARGET = 13.6;
				MTL_ENABLE_DEBUG_INFO = NO;
				MTL_FAST_MATH = YES;
				SDKROOT = iphoneos;
				SWIFT_COMPILATION_MODE = wholemodule;
				SWIFT_OPTIMIZATION_LEVEL = "-O";
				VALIDATE_PRODUCT = YES;
			};
			name = Release;
		};
		E56FBD8724E5940A00F2B844 /* Debug */ = {
			isa = XCBuildConfiguration;
			buildSettings = {
				ASSETCATALOG_COMPILER_APPICON_NAME = AppIcon;
				CODE_SIGN_STYLE = Automatic;
				DEVELOPMENT_TEAM = 8UYB8SMYLG;
				INFOPLIST_FILE = DEBACK2/Info.plist;
				LD_RUNPATH_SEARCH_PATHS = (
					"$(inherited)",
					"@executable_path/Frameworks",
				);
				PRODUCT_BUNDLE_IDENTIFIER = jp.techacademy.daichi.morishita.DEBACK2;
				PRODUCT_NAME = "$(TARGET_NAME)";
				SWIFT_VERSION = 5.0;
				TARGETED_DEVICE_FAMILY = "1,2";
			};
			name = Debug;
		};
		E56FBD8824E5940A00F2B844 /* Release */ = {
			isa = XCBuildConfiguration;
			buildSettings = {
				ASSETCATALOG_COMPILER_APPICON_NAME = AppIcon;
				CODE_SIGN_STYLE = Automatic;
				DEVELOPMENT_TEAM = 8UYB8SMYLG;
				INFOPLIST_FILE = DEBACK2/Info.plist;
				LD_RUNPATH_SEARCH_PATHS = (
					"$(inherited)",
					"@executable_path/Frameworks",
				);
				PRODUCT_BUNDLE_IDENTIFIER = jp.techacademy.daichi.morishita.DEBACK2;
				PRODUCT_NAME = "$(TARGET_NAME)";
				SWIFT_VERSION = 5.0;
				TARGETED_DEVICE_FAMILY = "1,2";
			};
			name = Release;
		};
/* End XCBuildConfiguration section */

/* Begin XCConfigurationList section */
		E56FBD6D24E5940800F2B844 /* Build configuration list for PBXProject "DEBACK2" */ = {
			isa = XCConfigurationList;
			buildConfigurations = (
				E56FBD8424E5940A00F2B844 /* Debug */,
				E56FBD8524E5940A00F2B844 /* Release */,
			);
			defaultConfigurationIsVisible = 0;
			defaultConfigurationName = Release;
		};
		E56FBD8624E5940A00F2B844 /* Build configuration list for PBXNativeTarget "DEBACK2" */ = {
			isa = XCConfigurationList;
			buildConfigurations = (
				E56FBD8724E5940A00F2B844 /* Debug */,
				E56FBD8824E5940A00F2B844 /* Release */,
			);
			defaultConfigurationIsVisible = 0;
			defaultConfigurationName = Release;
		};
/* End XCConfigurationList section */
	};
	rootObject = E56FBD6A24E5940800F2B844 /* Project object */;
}
